
Microsoft Visual Studio Solution File, Format Version 12.00
# Visual Studio 14
VisualStudioVersion = 14.0.24720.0
MinimumVisualStudioVersion = 10.0.40219.1
Project("{FAE04EC0-301F-11D3-BF4B-00C04F79EFBC}") = "Datastructurecollectionlist", "Datastructurecollectionlist\Datastructurecollectionlist.csproj", "{1A69A2ED-95F3-4E48-89BA-73BD3CB8BDCE}"
EndProject
Global
	GlobalSection(SolutionConfigurationPlatforms) = preSolution
		Debug|Any CPU = Debug|Any CPU
		Release|Any CPU = Release|Any CPU
	EndGlobalSection
	GlobalSection(ProjectConfigurationPlatforms) = postSolution
		{1A69A2ED-95F3-4E48-89BA-73BD3CB8BDCE}.Debug|Any CPU.ActiveCfg = Debug|Any CPU
		{1A69A2ED-95F3-4E48-89BA-73BD3CB8BDCE}.Debug|Any CPU.Build.0 = Debug|Any CPU
		{1A69A2ED-95F3-4E48-89BA-73BD3CB8BDCE}.Release|Any CPU.ActiveCfg = Release|Any CPU
		{1A69A2ED-95F3-4E48-89BA-73BD3CB8BDCE}.Release|Any CPU.Build.0 = Release|Any CPU
	EndGlobalSection
	GlobalSection(SolutionProperties) = preSolution
		HideSolutionNode = FALSE
	EndGlobalSection
EndGlobal
