
Microsoft Visual Studio Solution File, Format Version 12.00
# Visual Studio 14
VisualStudioVersion = 14.0.24720.0
MinimumVisualStudioVersion = 10.0.40219.1
Project("{FAE04EC0-301F-11D3-BF4B-00C04F79EFBC}") = "WindowsFormCalculator", "WindowsFormCalculator\WindowsFormCalculator.csproj", "{2182E5D7-D481-4463-B3A8-CA1289CB3343}"
EndProject
Global
	GlobalSection(SolutionConfigurationPlatforms) = preSolution
		Debug|Any CPU = Debug|Any CPU
		Release|Any CPU = Release|Any CPU
	EndGlobalSection
	GlobalSection(ProjectConfigurationPlatforms) = postSolution
		{2182E5D7-D481-4463-B3A8-CA1289CB3343}.Debug|Any CPU.ActiveCfg = Debug|Any CPU
		{2182E5D7-D481-4463-B3A8-CA1289CB3343}.Debug|Any CPU.Build.0 = Debug|Any CPU
		{2182E5D7-D481-4463-B3A8-CA1289CB3343}.Release|Any CPU.ActiveCfg = Release|Any CPU
		{2182E5D7-D481-4463-B3A8-CA1289CB3343}.Release|Any CPU.Build.0 = Release|Any CPU
	EndGlobalSection
	GlobalSection(SolutionProperties) = preSolution
		HideSolutionNode = FALSE
	EndGlobalSection
EndGlobal
